
Microsoft Visual Studio Solution File, Format Version 12.00
# Visual Studio Version 17
VisualStudioVersion = 17.0.31903.59
MinimumVisualStudioVersion = 10.0.40219.1
Project("{FAE04EC0-301F-11D3-BF4B-00C04F79EFBC}") = "QuizGame", "QuizGame\QuizGame.csproj", "{57C6286F-776A-4D15-809A-4D7CA39398EE}"
EndProject
Project("{FAE04EC0-301F-11D3-BF4B-00C04F79EFBC}") = "QuizDemo", "QuizDemo\QuizDemo.csproj", "{108B2A59-6A9B-4208-B7B1-F7BD1DDB98C6}"
EndProject
Global
	GlobalSection(SolutionConfigurationPlatforms) = preSolution
		Debug|Any CPU = Debug|Any CPU
		Debug|x64 = Debug|x64
		Debug|x86 = Debug|x86
		Release|Any CPU = Release|Any CPU
		Release|x64 = Release|x64
		Release|x86 = Release|x86
	EndGlobalSection
	GlobalSection(ProjectConfigurationPlatforms) = postSolution
		{57C6286F-776A-4D15-809A-4D7CA39398EE}.Debug|Any CPU.ActiveCfg = Debug|Any CPU
		{57C6286F-776A-4D15-809A-4D7CA39398EE}.Debug|Any CPU.Build.0 = Debug|Any CPU
		{57C6286F-776A-4D15-809A-4D7CA39398EE}.Debug|x64.ActiveCfg = Debug|Any CPU
		{57C6286F-776A-4D15-809A-4D7CA39398EE}.Debug|x64.Build.0 = Debug|Any CPU
		{57C6286F-776A-4D15-809A-4D7CA39398EE}.Debug|x86.ActiveCfg = Debug|Any CPU
		{57C6286F-776A-4D15-809A-4D7CA39398EE}.Debug|x86.Build.0 = Debug|Any CPU
		{57C6286F-776A-4D15-809A-4D7CA39398EE}.Release|Any CPU.ActiveCfg = Release|Any CPU
		{57C6286F-776A-4D15-809A-4D7CA39398EE}.Release|Any CPU.Build.0 = Release|Any CPU
		{57C6286F-776A-4D15-809A-4D7CA39398EE}.Release|x64.ActiveCfg = Release|Any CPU
		{57C6286F-776A-4D15-809A-4D7CA39398EE}.Release|x64.Build.0 = Release|Any CPU
		{57C6286F-776A-4D15-809A-4D7CA39398EE}.Release|x86.ActiveCfg = Release|Any CPU
		{57C6286F-776A-4D15-809A-4D7CA39398EE}.Release|x86.Build.0 = Release|Any CPU
		{108B2A59-6A9B-4208-B7B1-F7BD1DDB98C6}.Debug|Any CPU.ActiveCfg = Debug|Any CPU
		{108B2A59-6A9B-4208-B7B1-F7BD1DDB98C6}.Debug|Any CPU.Build.0 = Debug|Any CPU
		{108B2A59-6A9B-4208-B7B1-F7BD1DDB98C6}.Debug|x64.ActiveCfg = Debug|Any CPU
		{108B2A59-6A9B-4208-B7B1-F7BD1DDB98C6}.Debug|x64.Build.0 = Debug|Any CPU
		{108B2A59-6A9B-4208-B7B1-F7BD1DDB98C6}.Debug|x86.ActiveCfg = Debug|Any CPU
		{108B2A59-6A9B-4208-B7B1-F7BD1DDB98C6}.Debug|x86.Build.0 = Debug|Any CPU
		{108B2A59-6A9B-4208-B7B1-F7BD1DDB98C6}.Release|Any CPU.ActiveCfg = Release|Any CPU
		{108B2A59-6A9B-4208-B7B1-F7BD1DDB98C6}.Release|Any CPU.Build.0 = Release|Any CPU
		{108B2A59-6A9B-4208-B7B1-F7BD1DDB98C6}.Release|x64.ActiveCfg = Release|Any CPU
		{108B2A59-6A9B-4208-B7B1-F7BD1DDB98C6}.Release|x64.Build.0 = Release|Any CPU
		{108B2A59-6A9B-4208-B7B1-F7BD1DDB98C6}.Release|x86.ActiveCfg = Release|Any CPU
		{108B2A59-6A9B-4208-B7B1-F7BD1DDB98C6}.Release|x86.Build.0 = Release|Any CPU
	EndGlobalSection
	GlobalSection(SolutionProperties) = preSolution
		HideSolutionNode = FALSE
	EndGlobalSection
EndGlobal
